
Microsoft Visual Studio Solution File, Format Version 12.00
# Visual Studio Version 16
VisualStudioVersion = 16.0.31019.35
MinimumVisualStudioVersion = 10.0.40219.1
Project("{FAE04EC0-301F-11D3-BF4B-00C04F79EFBC}") = "Projet_POBJ_Reconaissance_Immage_V1", "Projet_POBJ_Reconaissance_Immage_V1\Projet_POBJ_Reconaissance_Immage_V1.csproj", "{029A6E87-690D-44EE-BE43-9F012D192957}"
EndProject
Global
	GlobalSection(SolutionConfigurationPlatforms) = preSolution
		Debug|Any CPU = Debug|Any CPU
		Release|Any CPU = Release|Any CPU
	EndGlobalSection
	GlobalSection(ProjectConfigurationPlatforms) = postSolution
		{029A6E87-690D-44EE-BE43-9F012D192957}.Debug|Any CPU.ActiveCfg = Debug|Any CPU
		{029A6E87-690D-44EE-BE43-9F012D192957}.Debug|Any CPU.Build.0 = Debug|Any CPU
		{029A6E87-690D-44EE-BE43-9F012D192957}.Release|Any CPU.ActiveCfg = Release|Any CPU
		{029A6E87-690D-44EE-BE43-9F012D192957}.Release|Any CPU.Build.0 = Release|Any CPU
	EndGlobalSection
	GlobalSection(SolutionProperties) = preSolution
		HideSolutionNode = FALSE
	EndGlobalSection
	GlobalSection(ExtensibilityGlobals) = postSolution
		SolutionGuid = {784D2C85-59DD-4CC1-A0CD-57624E8DB478}
	EndGlobalSection
EndGlobal
